
Microsoft Visual Studio Solution File, Format Version 12.00
# Visual Studio Version 16
VisualStudioVersion = 16.0.30114.105
MinimumVisualStudioVersion = 10.0.40219.1
Project("{FAE04EC0-301F-11D3-BF4B-00C04F79EFBC}") = "application", "Api.Application\application.csproj", "{4A0CFFAA-B1DD-4A20-94CD-8C9CDA7D2AB4}"
EndProject
Project("{FAE04EC0-301F-11D3-BF4B-00C04F79EFBC}") = "Domain", "Api.Domain\Domain.csproj", "{AEF6FD8C-A2B8-4F70-9D5B-B00E79581885}"
EndProject
Project("{FAE04EC0-301F-11D3-BF4B-00C04F79EFBC}") = "CrossCutting", "Api.CrossCutting\CrossCutting.csproj", "{F589ED0C-6146-4510-9606-52A7A00419B2}"
EndProject
Project("{FAE04EC0-301F-11D3-BF4B-00C04F79EFBC}") = "Data", "Api.Data\Data.csproj", "{A64A0A48-0572-42D7-8AED-2B4495C6D520}"
EndProject
Project("{FAE04EC0-301F-11D3-BF4B-00C04F79EFBC}") = "Service", "Api.Service\Service.csproj", "{83D36A96-DE36-4801-98B3-320EA29F7ECB}"
EndProject
Global
	GlobalSection(SolutionConfigurationPlatforms) = preSolution
		Debug|Any CPU = Debug|Any CPU
		Release|Any CPU = Release|Any CPU
	EndGlobalSection
	GlobalSection(SolutionProperties) = preSolution
		HideSolutionNode = FALSE
	EndGlobalSection
	GlobalSection(ProjectConfigurationPlatforms) = postSolution
		{4A0CFFAA-B1DD-4A20-94CD-8C9CDA7D2AB4}.Debug|Any CPU.ActiveCfg = Debug|Any CPU
		{4A0CFFAA-B1DD-4A20-94CD-8C9CDA7D2AB4}.Debug|Any CPU.Build.0 = Debug|Any CPU
		{4A0CFFAA-B1DD-4A20-94CD-8C9CDA7D2AB4}.Release|Any CPU.ActiveCfg = Release|Any CPU
		{4A0CFFAA-B1DD-4A20-94CD-8C9CDA7D2AB4}.Release|Any CPU.Build.0 = Release|Any CPU
		{AEF6FD8C-A2B8-4F70-9D5B-B00E79581885}.Debug|Any CPU.ActiveCfg = Debug|Any CPU
		{AEF6FD8C-A2B8-4F70-9D5B-B00E79581885}.Debug|Any CPU.Build.0 = Debug|Any CPU
		{AEF6FD8C-A2B8-4F70-9D5B-B00E79581885}.Release|Any CPU.ActiveCfg = Release|Any CPU
		{AEF6FD8C-A2B8-4F70-9D5B-B00E79581885}.Release|Any CPU.Build.0 = Release|Any CPU
		{F589ED0C-6146-4510-9606-52A7A00419B2}.Debug|Any CPU.ActiveCfg = Debug|Any CPU
		{F589ED0C-6146-4510-9606-52A7A00419B2}.Debug|Any CPU.Build.0 = Debug|Any CPU
		{F589ED0C-6146-4510-9606-52A7A00419B2}.Release|Any CPU.ActiveCfg = Release|Any CPU
		{F589ED0C-6146-4510-9606-52A7A00419B2}.Release|Any CPU.Build.0 = Release|Any CPU
		{A64A0A48-0572-42D7-8AED-2B4495C6D520}.Debug|Any CPU.ActiveCfg = Debug|Any CPU
		{A64A0A48-0572-42D7-8AED-2B4495C6D520}.Debug|Any CPU.Build.0 = Debug|Any CPU
		{A64A0A48-0572-42D7-8AED-2B4495C6D520}.Release|Any CPU.ActiveCfg = Release|Any CPU
		{A64A0A48-0572-42D7-8AED-2B4495C6D520}.Release|Any CPU.Build.0 = Release|Any CPU
		{83D36A96-DE36-4801-98B3-320EA29F7ECB}.Debug|Any CPU.ActiveCfg = Debug|Any CPU
		{83D36A96-DE36-4801-98B3-320EA29F7ECB}.Debug|Any CPU.Build.0 = Debug|Any CPU
		{83D36A96-DE36-4801-98B3-320EA29F7ECB}.Release|Any CPU.ActiveCfg = Release|Any CPU
		{83D36A96-DE36-4801-98B3-320EA29F7ECB}.Release|Any CPU.Build.0 = Release|Any CPU
	EndGlobalSection
EndGlobal
